
Microsoft Visual Studio Solution File, Format Version 12.00
# Visual Studio Version 18
VisualStudioVersion = 18.4.11605.240 stable
MinimumVisualStudioVersion = 10.0.40219.1
Project("{FAE04EC0-301F-11D3-BF4B-00C04F79EFBC}") = "CulinaryCore.API", "CulinaryCore_API\CulinaryCore.API.csproj", "{CAA1F42D-0EBE-C658-806B-B32064B7B4BC}"
EndProject
Global
	GlobalSection(SolutionConfigurationPlatforms) = preSolution
		Debug|Any CPU = Debug|Any CPU
		Release|Any CPU = Release|Any CPU
	EndGlobalSection
	GlobalSection(ProjectConfigurationPlatforms) = postSolution
		{CAA1F42D-0EBE-C658-806B-B32064B7B4BC}.Debug|Any CPU.ActiveCfg = Debug|Any CPU
		{CAA1F42D-0EBE-C658-806B-B32064B7B4BC}.Debug|Any CPU.Build.0 = Debug|Any CPU
		{CAA1F42D-0EBE-C658-806B-B32064B7B4BC}.Release|Any CPU.ActiveCfg = Release|Any CPU
		{CAA1F42D-0EBE-C658-806B-B32064B7B4BC}.Release|Any CPU.Build.0 = Release|Any CPU
	EndGlobalSection
	GlobalSection(SolutionProperties) = preSolution
		HideSolutionNode = FALSE
	EndGlobalSection
	GlobalSection(ExtensibilityGlobals) = postSolution
		SolutionGuid = {BE3A59F7-A7A5-4B07-9DAE-77E0B2E3E438}
	EndGlobalSection
EndGlobal
